
Microsoft Visual Studio Solution File, Format Version 12.00
# Visual Studio Version 17
VisualStudioVersion = 17.7.34018.315
MinimumVisualStudioVersion = 10.0.40219.1
Project("{9A19103F-16F7-4668-BE54-9A1E7A4F7556}") = "JiggieHelios", "JiggieHelios\JiggieHelios.csproj", "{0758EFBD-46C7-4612-8564-1CC44BBD11D9}"
EndProject
Project("{FAE04EC0-301F-11D3-BF4B-00C04F79EFBC}") = "JiggieHelios.SourceGenerators", "JiggieHelios.SourceGenerators\JiggieHelios.SourceGenerators.csproj", "{50201949-19B8-44C0-B677-7ECE9EF26C16}"
EndProject
Global
	GlobalSection(SolutionConfigurationPlatforms) = preSolution
		Debug|Any CPU = Debug|Any CPU
		Release|Any CPU = Release|Any CPU
	EndGlobalSection
	GlobalSection(ProjectConfigurationPlatforms) = postSolution
		{0758EFBD-46C7-4612-8564-1CC44BBD11D9}.Debug|Any CPU.ActiveCfg = Debug|Any CPU
		{0758EFBD-46C7-4612-8564-1CC44BBD11D9}.Debug|Any CPU.Build.0 = Debug|Any CPU
		{0758EFBD-46C7-4612-8564-1CC44BBD11D9}.Release|Any CPU.ActiveCfg = Release|Any CPU
		{0758EFBD-46C7-4612-8564-1CC44BBD11D9}.Release|Any CPU.Build.0 = Release|Any CPU
		{50201949-19B8-44C0-B677-7ECE9EF26C16}.Debug|Any CPU.ActiveCfg = Debug|Any CPU
		{50201949-19B8-44C0-B677-7ECE9EF26C16}.Debug|Any CPU.Build.0 = Debug|Any CPU
		{50201949-19B8-44C0-B677-7ECE9EF26C16}.Release|Any CPU.ActiveCfg = Release|Any CPU
		{50201949-19B8-44C0-B677-7ECE9EF26C16}.Release|Any CPU.Build.0 = Release|Any CPU
	EndGlobalSection
	GlobalSection(SolutionProperties) = preSolution
		HideSolutionNode = FALSE
	EndGlobalSection
	GlobalSection(ExtensibilityGlobals) = postSolution
		SolutionGuid = {E4F43506-866B-47F0-83F7-6305B388A35E}
	EndGlobalSection
EndGlobal
