
Microsoft Visual Studio Solution File, Format Version 12.00
# Visual Studio Version 17
VisualStudioVersion = 17.7.34018.315
MinimumVisualStudioVersion = 10.0.40219.1
Project("{9A19103F-16F7-4668-BE54-9A1E7A4F7556}") = "JiggieHelios", "JiggieHelios\JiggieHelios.csproj", "{0758EFBD-46C7-4612-8564-1CC44BBD11D9}"
EndProject
Project("{9A19103F-16F7-4668-BE54-9A1E7A4F7556}") = "JiggieHelios.Replay.Skia", "JiggieHelios.Replay.Skia\JiggieHelios.Replay.Skia.csproj", "{33AD5C53-FE32-4A5D-B643-166D74D04FFF}"
EndProject
Project("{9A19103F-16F7-4668-BE54-9A1E7A4F7556}") = "JiggieHelios.Cli", "JiggieHelios.Cli\JiggieHelios.Cli.csproj", "{DEC92FF4-CE17-412E-9F9A-9C7D37614EEF}"
EndProject
Project("{FAE04EC0-301F-11D3-BF4B-00C04F79EFBC}") = "JiggieHelios.Replay.Selenium", "JiggieHelios.Replay.Selenium\JiggieHelios.Replay.Selenium.csproj", "{5830EAA8-0F93-4738-8B53-A657616800B5}"
EndProject
Global
	GlobalSection(SolutionConfigurationPlatforms) = preSolution
		Debug|Any CPU = Debug|Any CPU
		Release|Any CPU = Release|Any CPU
	EndGlobalSection
	GlobalSection(ProjectConfigurationPlatforms) = postSolution
		{0758EFBD-46C7-4612-8564-1CC44BBD11D9}.Debug|Any CPU.ActiveCfg = Debug|Any CPU
		{0758EFBD-46C7-4612-8564-1CC44BBD11D9}.Debug|Any CPU.Build.0 = Debug|Any CPU
		{0758EFBD-46C7-4612-8564-1CC44BBD11D9}.Release|Any CPU.ActiveCfg = Release|Any CPU
		{0758EFBD-46C7-4612-8564-1CC44BBD11D9}.Release|Any CPU.Build.0 = Release|Any CPU
		{33AD5C53-FE32-4A5D-B643-166D74D04FFF}.Debug|Any CPU.ActiveCfg = Debug|Any CPU
		{33AD5C53-FE32-4A5D-B643-166D74D04FFF}.Debug|Any CPU.Build.0 = Debug|Any CPU
		{33AD5C53-FE32-4A5D-B643-166D74D04FFF}.Release|Any CPU.ActiveCfg = Release|Any CPU
		{33AD5C53-FE32-4A5D-B643-166D74D04FFF}.Release|Any CPU.Build.0 = Release|Any CPU
		{DEC92FF4-CE17-412E-9F9A-9C7D37614EEF}.Debug|Any CPU.ActiveCfg = Debug|Any CPU
		{DEC92FF4-CE17-412E-9F9A-9C7D37614EEF}.Debug|Any CPU.Build.0 = Debug|Any CPU
		{DEC92FF4-CE17-412E-9F9A-9C7D37614EEF}.Release|Any CPU.ActiveCfg = Release|Any CPU
		{DEC92FF4-CE17-412E-9F9A-9C7D37614EEF}.Release|Any CPU.Build.0 = Release|Any CPU
		{5830EAA8-0F93-4738-8B53-A657616800B5}.Debug|Any CPU.ActiveCfg = Debug|Any CPU
		{5830EAA8-0F93-4738-8B53-A657616800B5}.Debug|Any CPU.Build.0 = Debug|Any CPU
		{5830EAA8-0F93-4738-8B53-A657616800B5}.Release|Any CPU.ActiveCfg = Release|Any CPU
		{5830EAA8-0F93-4738-8B53-A657616800B5}.Release|Any CPU.Build.0 = Release|Any CPU
	EndGlobalSection
	GlobalSection(SolutionProperties) = preSolution
		HideSolutionNode = FALSE
	EndGlobalSection
	GlobalSection(ExtensibilityGlobals) = postSolution
		SolutionGuid = {E4F43506-866B-47F0-83F7-6305B388A35E}
	EndGlobalSection
EndGlobal
